{
  "name": "screenloading",
  "version": "1.0.0",
  "lockfileVersion": 1,
  "requires": true,
  "dependencies": {
    "time-format-mzy": {
      "version": "1.0.0",
      "resolved": "https://registry.npmjs.org/time-format-mzy/-/time-format-mzy-1.0.0.tgz",
      "integrity": "sha512-LwKYLjgsr9nGo0W3S7+BkcG/dqAeZV+2r3mk7fIw5pViiUfv0CUb+CGOzopBJjhddTEnWnxulLra6w5WHsh1yg=="
    }
  }
}
